
Microsoft Visual Studio Solution File, Format Version 12.00
# Visual Studio 15
VisualStudioVersion = 15.0.26124.0
MinimumVisualStudioVersion = 15.0.26124.0
Project("{FAE04EC0-301F-11D3-BF4B-00C04F79EFBC}") = "SalaryCounter.Dao", "src\SalaryCounter.Dao\SalaryCounter.Dao.csproj", "{A9416F52-E8C0-4DCA-BA63-39758B0ED38B}"
EndProject
Project("{FAE04EC0-301F-11D3-BF4B-00C04F79EFBC}") = "SalaryCounter.Service", "src\SalaryCounter.Service\SalaryCounter.Service.csproj", "{0C5529A7-0B6C-4278-9ED8-1166D15E0D6D}"
EndProject
Project("{FAE04EC0-301F-11D3-BF4B-00C04F79EFBC}") = "SalaryCounter.ServiceTest", "src\SalaryCounter.ServiceTest\SalaryCounter.ServiceTest.csproj", "{C5E0DE49-6EB6-4807-9F83-CF651E9CB24E}"
EndProject
Project("{FAE04EC0-301F-11D3-BF4B-00C04F79EFBC}") = "SalaryCounter.Api", "src\SalaryCounter.Api\SalaryCounter.Api.csproj", "{950F5DDE-D88C-42ED-BA86-B1692339EB1C}"
EndProject
Project("{9A19103F-16F7-4668-BE54-9A1E7A4F7556}") = "_build", "build\_build.csproj", "{C8D40C35-F1B5-4C63-9F7E-A972A5645C57}"
EndProject
Project("{FAE04EC0-301F-11D3-BF4B-00C04F79EFBC}") = "SalaryCounter.Model", "src\SalaryCounter.Model\SalaryCounter.Model.csproj", "{796CF350-2288-4B7E-AAB6-1A2B3D374C5F}"
EndProject
Global
	GlobalSection(SolutionProperties) = preSolution
		HideSolutionNode = FALSE
	EndGlobalSection
	GlobalSection(SolutionConfigurationPlatforms) = preSolution
		Debug|Any CPU = Debug|Any CPU
		Debug|x64 = Debug|x64
		Debug|x86 = Debug|x86
		Release|Any CPU = Release|Any CPU
		Release|x64 = Release|x64
		Release|x86 = Release|x86
	EndGlobalSection
	GlobalSection(ProjectConfigurationPlatforms) = postSolution
		{C8D40C35-F1B5-4C63-9F7E-A972A5645C57}.Debug|Any CPU.ActiveCfg = Debug|Any CPU
		{C8D40C35-F1B5-4C63-9F7E-A972A5645C57}.Release|Any CPU.ActiveCfg = Release|Any CPU
		{A9416F52-E8C0-4DCA-BA63-39758B0ED38B}.Debug|Any CPU.ActiveCfg = Debug|Any CPU
		{A9416F52-E8C0-4DCA-BA63-39758B0ED38B}.Debug|Any CPU.Build.0 = Debug|Any CPU
		{A9416F52-E8C0-4DCA-BA63-39758B0ED38B}.Debug|x64.ActiveCfg = Debug|Any CPU
		{A9416F52-E8C0-4DCA-BA63-39758B0ED38B}.Debug|x64.Build.0 = Debug|Any CPU
		{A9416F52-E8C0-4DCA-BA63-39758B0ED38B}.Debug|x86.ActiveCfg = Debug|Any CPU
		{A9416F52-E8C0-4DCA-BA63-39758B0ED38B}.Debug|x86.Build.0 = Debug|Any CPU
		{A9416F52-E8C0-4DCA-BA63-39758B0ED38B}.Release|Any CPU.ActiveCfg = Release|Any CPU
		{A9416F52-E8C0-4DCA-BA63-39758B0ED38B}.Release|Any CPU.Build.0 = Release|Any CPU
		{A9416F52-E8C0-4DCA-BA63-39758B0ED38B}.Release|x64.ActiveCfg = Release|Any CPU
		{A9416F52-E8C0-4DCA-BA63-39758B0ED38B}.Release|x64.Build.0 = Release|Any CPU
		{A9416F52-E8C0-4DCA-BA63-39758B0ED38B}.Release|x86.ActiveCfg = Release|Any CPU
		{A9416F52-E8C0-4DCA-BA63-39758B0ED38B}.Release|x86.Build.0 = Release|Any CPU
		{0C5529A7-0B6C-4278-9ED8-1166D15E0D6D}.Debug|Any CPU.ActiveCfg = Debug|Any CPU
		{0C5529A7-0B6C-4278-9ED8-1166D15E0D6D}.Debug|Any CPU.Build.0 = Debug|Any CPU
		{0C5529A7-0B6C-4278-9ED8-1166D15E0D6D}.Debug|x64.ActiveCfg = Debug|Any CPU
		{0C5529A7-0B6C-4278-9ED8-1166D15E0D6D}.Debug|x64.Build.0 = Debug|Any CPU
		{0C5529A7-0B6C-4278-9ED8-1166D15E0D6D}.Debug|x86.ActiveCfg = Debug|Any CPU
		{0C5529A7-0B6C-4278-9ED8-1166D15E0D6D}.Debug|x86.Build.0 = Debug|Any CPU
		{0C5529A7-0B6C-4278-9ED8-1166D15E0D6D}.Release|Any CPU.ActiveCfg = Release|Any CPU
		{0C5529A7-0B6C-4278-9ED8-1166D15E0D6D}.Release|Any CPU.Build.0 = Release|Any CPU
		{0C5529A7-0B6C-4278-9ED8-1166D15E0D6D}.Release|x64.ActiveCfg = Release|Any CPU
		{0C5529A7-0B6C-4278-9ED8-1166D15E0D6D}.Release|x64.Build.0 = Release|Any CPU
		{0C5529A7-0B6C-4278-9ED8-1166D15E0D6D}.Release|x86.ActiveCfg = Release|Any CPU
		{0C5529A7-0B6C-4278-9ED8-1166D15E0D6D}.Release|x86.Build.0 = Release|Any CPU
		{C5E0DE49-6EB6-4807-9F83-CF651E9CB24E}.Debug|Any CPU.ActiveCfg = Debug|Any CPU
		{C5E0DE49-6EB6-4807-9F83-CF651E9CB24E}.Debug|Any CPU.Build.0 = Debug|Any CPU
		{C5E0DE49-6EB6-4807-9F83-CF651E9CB24E}.Debug|x64.ActiveCfg = Debug|Any CPU
		{C5E0DE49-6EB6-4807-9F83-CF651E9CB24E}.Debug|x64.Build.0 = Debug|Any CPU
		{C5E0DE49-6EB6-4807-9F83-CF651E9CB24E}.Debug|x86.ActiveCfg = Debug|Any CPU
		{C5E0DE49-6EB6-4807-9F83-CF651E9CB24E}.Debug|x86.Build.0 = Debug|Any CPU
		{C5E0DE49-6EB6-4807-9F83-CF651E9CB24E}.Release|Any CPU.ActiveCfg = Release|Any CPU
		{C5E0DE49-6EB6-4807-9F83-CF651E9CB24E}.Release|Any CPU.Build.0 = Release|Any CPU
		{C5E0DE49-6EB6-4807-9F83-CF651E9CB24E}.Release|x64.ActiveCfg = Release|Any CPU
		{C5E0DE49-6EB6-4807-9F83-CF651E9CB24E}.Release|x64.Build.0 = Release|Any CPU
		{C5E0DE49-6EB6-4807-9F83-CF651E9CB24E}.Release|x86.ActiveCfg = Release|Any CPU
		{C5E0DE49-6EB6-4807-9F83-CF651E9CB24E}.Release|x86.Build.0 = Release|Any CPU
		{950F5DDE-D88C-42ED-BA86-B1692339EB1C}.Debug|Any CPU.ActiveCfg = Debug|Any CPU
		{950F5DDE-D88C-42ED-BA86-B1692339EB1C}.Debug|Any CPU.Build.0 = Debug|Any CPU
		{950F5DDE-D88C-42ED-BA86-B1692339EB1C}.Debug|x64.ActiveCfg = Debug|Any CPU
		{950F5DDE-D88C-42ED-BA86-B1692339EB1C}.Debug|x64.Build.0 = Debug|Any CPU
		{950F5DDE-D88C-42ED-BA86-B1692339EB1C}.Debug|x86.ActiveCfg = Debug|Any CPU
		{950F5DDE-D88C-42ED-BA86-B1692339EB1C}.Debug|x86.Build.0 = Debug|Any CPU
		{950F5DDE-D88C-42ED-BA86-B1692339EB1C}.Release|Any CPU.ActiveCfg = Release|Any CPU
		{950F5DDE-D88C-42ED-BA86-B1692339EB1C}.Release|Any CPU.Build.0 = Release|Any CPU
		{950F5DDE-D88C-42ED-BA86-B1692339EB1C}.Release|x64.ActiveCfg = Release|Any CPU
		{950F5DDE-D88C-42ED-BA86-B1692339EB1C}.Release|x64.Build.0 = Release|Any CPU
		{950F5DDE-D88C-42ED-BA86-B1692339EB1C}.Release|x86.ActiveCfg = Release|Any CPU
		{950F5DDE-D88C-42ED-BA86-B1692339EB1C}.Release|x86.Build.0 = Release|Any CPU
		{796CF350-2288-4B7E-AAB6-1A2B3D374C5F}.Debug|Any CPU.ActiveCfg = Debug|Any CPU
		{796CF350-2288-4B7E-AAB6-1A2B3D374C5F}.Debug|Any CPU.Build.0 = Debug|Any CPU
		{796CF350-2288-4B7E-AAB6-1A2B3D374C5F}.Debug|x64.ActiveCfg = Debug|Any CPU
		{796CF350-2288-4B7E-AAB6-1A2B3D374C5F}.Debug|x64.Build.0 = Debug|Any CPU
		{796CF350-2288-4B7E-AAB6-1A2B3D374C5F}.Debug|x86.ActiveCfg = Debug|Any CPU
		{796CF350-2288-4B7E-AAB6-1A2B3D374C5F}.Debug|x86.Build.0 = Debug|Any CPU
		{796CF350-2288-4B7E-AAB6-1A2B3D374C5F}.Release|Any CPU.ActiveCfg = Release|Any CPU
		{796CF350-2288-4B7E-AAB6-1A2B3D374C5F}.Release|Any CPU.Build.0 = Release|Any CPU
		{796CF350-2288-4B7E-AAB6-1A2B3D374C5F}.Release|x64.ActiveCfg = Release|Any CPU
		{796CF350-2288-4B7E-AAB6-1A2B3D374C5F}.Release|x64.Build.0 = Release|Any CPU
		{796CF350-2288-4B7E-AAB6-1A2B3D374C5F}.Release|x86.ActiveCfg = Release|Any CPU
		{796CF350-2288-4B7E-AAB6-1A2B3D374C5F}.Release|x86.Build.0 = Release|Any CPU
	EndGlobalSection
EndGlobal
